{
  "name": "fabric-icons",
  "version": "1.0.2",
  "lockfileVersion": 3,
  "requires": true,
  "packages": {
    "": {
      "name": "fabric-icons",
      "version": "1.0.2",
      "license": "MIT",
      "dependencies": {
        "@fabric-msft/svg-icons": "^2.0.3"
      }
    },
    "node_modules/@fabric-msft/svg-icons": {
      "version": "2.0.3",
      "resolved": "https://registry.npmjs.org/@fabric-msft/svg-icons/-/svg-icons-2.0.3.tgz",
      "integrity": "sha512-Ox83h54JssR+4V4hPtxJMo0Pxs6OolWSj90y9CFFCwrmmEfK8mhely1AI/yLWQkMMgpOid0m8nKluHCXz8S0+A=="
    }
  }
}
