{
  "name": "fabric-icons",
  "version": "1.0.2",
  "lockfileVersion": 3,
  "requires": true,
  "packages": {
    "": {
      "name": "fabric-icons",
      "version": "1.0.2",
      "license": "MIT",
      "dependencies": {
        "@fabric-msft/svg-icons": "^3.0.2",
        "js-yaml": "^4.1.0"
      }
    },
    "node_modules/@fabric-msft/svg-icons": {
      "version": "3.0.2",
      "resolved": "https://registry.npmjs.org/@fabric-msft/svg-icons/-/svg-icons-3.0.2.tgz",
      "integrity": "sha512-cGo46nfmDZS9YUQitpiiM5uRAEKkXlaIyC2XGf/Qt9/cvTyWq0YOv3degBHiGpEXvNeg90a9X78mvfHbTsvZgw=="
    },
    "node_modules/argparse": {
      "version": "2.0.1",
      "resolved": "https://registry.npmjs.org/argparse/-/argparse-2.0.1.tgz",
      "integrity": "sha512-8+9WqebbFzpX9OR+Wa6O29asIogeRMzcGtAINdpMHHyAg10f05aSFVBbcEqGf/PXw1EjAZ+q2/bEBg3DvurK3Q==",
      "license": "Python-2.0"
    },
    "node_modules/js-yaml": {
      "version": "4.1.0",
      "resolved": "https://registry.npmjs.org/js-yaml/-/js-yaml-4.1.0.tgz",
      "integrity": "sha512-wpxZs9NoxZaJESJGIZTyDEaYpl0FKSA+FB9aJiyemKhMwkxQg63h4T1KJgUGHpTqPDNRcmmYLugrRjJlBtWvRA==",
      "license": "MIT",
      "dependencies": {
        "argparse": "^2.0.1"
      },
      "bin": {
        "js-yaml": "bin/js-yaml.js"
      }
    }
  }
}
