{
  "name": "fabric-icons",
  "version": "1.0.0",
  "lockfileVersion": 3,
  "requires": true,
  "packages": {
    "": {
      "name": "fabric-icons",
      "version": "1.0.0",
      "license": "MIT",
      "dependencies": {
        "@fabric-msft/svg-icons": "^2.0.2"
      }
    },
    "node_modules/@fabric-msft/svg-icons": {
      "version": "2.0.2",
      "resolved": "https://registry.npmjs.org/@fabric-msft/svg-icons/-/svg-icons-2.0.2.tgz",
      "integrity": "sha512-1R4OEdM4zjJbXK/cKbRcxw1uKJKnOZvQ7T31cSOvkBUzTM9rAF2OR5Rb81wB2x0uVXCBakbHLjGv5Pq298jW0A==",
      "license": "MIT"
    }
  }
}
